
Microsoft Visual Studio Solution File, Format Version 12.00
# Visual Studio Version 17
VisualStudioVersion = 17.4.33213.308
MinimumVisualStudioVersion = 10.0.40219.1
Project("{9A19103F-16F7-4668-BE54-9A1E7A4F7556}") = "CarRental", "CarRental\CarRental.csproj", "{DFAE8335-54A5-4088-8E8C-E4E90F5772DE}"
EndProject
Project("{FAE04EC0-301F-11D3-BF4B-00C04F79EFBC}") = "CarRental.Tests", "CarRental.Tests\CarRental.Tests.csproj", "{E685F4A6-4D95-4915-907C-FA6807592F9A}"
	ProjectSection(ProjectDependencies) = postProject
		{DFAE8335-54A5-4088-8E8C-E4E90F5772DE} = {DFAE8335-54A5-4088-8E8C-E4E90F5772DE}
	EndProjectSection
EndProject
Global
	GlobalSection(SolutionConfigurationPlatforms) = preSolution
		Debug|Any CPU = Debug|Any CPU
		Release|Any CPU = Release|Any CPU
	EndGlobalSection
	GlobalSection(ProjectConfigurationPlatforms) = postSolution
		{DFAE8335-54A5-4088-8E8C-E4E90F5772DE}.Debug|Any CPU.ActiveCfg = Debug|Any CPU
		{DFAE8335-54A5-4088-8E8C-E4E90F5772DE}.Debug|Any CPU.Build.0 = Debug|Any CPU
		{DFAE8335-54A5-4088-8E8C-E4E90F5772DE}.Release|Any CPU.ActiveCfg = Release|Any CPU
		{DFAE8335-54A5-4088-8E8C-E4E90F5772DE}.Release|Any CPU.Build.0 = Release|Any CPU
		{E685F4A6-4D95-4915-907C-FA6807592F9A}.Debug|Any CPU.ActiveCfg = Debug|Any CPU
		{E685F4A6-4D95-4915-907C-FA6807592F9A}.Debug|Any CPU.Build.0 = Debug|Any CPU
		{E685F4A6-4D95-4915-907C-FA6807592F9A}.Release|Any CPU.ActiveCfg = Release|Any CPU
		{E685F4A6-4D95-4915-907C-FA6807592F9A}.Release|Any CPU.Build.0 = Release|Any CPU
	EndGlobalSection
	GlobalSection(SolutionProperties) = preSolution
		HideSolutionNode = FALSE
	EndGlobalSection
	GlobalSection(ExtensibilityGlobals) = postSolution
		SolutionGuid = {768AEFFF-CFBB-4C33-A8B9-B3B3D4F7DC67}
	EndGlobalSection
EndGlobal
